
Microsoft Visual Studio Solution File, Format Version 12.00
# Visual Studio Version 16
VisualStudioVersion = 16.0.30011.22
MinimumVisualStudioVersion = 10.0.40219.1
Project("{FAE04EC0-301F-11D3-BF4B-00C04F79EFBC}") = "Simon-Numbers", "Simon-Numbers.csproj", "{204423C0-63D6-4503-8EE4-06B03D712793}"
EndProject
Global
	GlobalSection(SolutionConfigurationPlatforms) = preSolution
		Debug|Any CPU = Debug|Any CPU
		Release|Any CPU = Release|Any CPU
	EndGlobalSection
	GlobalSection(ProjectConfigurationPlatforms) = postSolution
		{204423C0-63D6-4503-8EE4-06B03D712793}.Debug|Any CPU.ActiveCfg = Debug|Any CPU
		{204423C0-63D6-4503-8EE4-06B03D712793}.Debug|Any CPU.Build.0 = Debug|Any CPU
		{204423C0-63D6-4503-8EE4-06B03D712793}.Release|Any CPU.ActiveCfg = Release|Any CPU
		{204423C0-63D6-4503-8EE4-06B03D712793}.Release|Any CPU.Build.0 = Release|Any CPU
	EndGlobalSection
	GlobalSection(SolutionProperties) = preSolution
		HideSolutionNode = FALSE
	EndGlobalSection
	GlobalSection(ExtensibilityGlobals) = postSolution
		SolutionGuid = {65FCDDC1-8330-4B5F-85A9-FC2D3A25ECF8}
	EndGlobalSection
EndGlobal
